
Microsoft Visual Studio Solution File, Format Version 12.00
# Visual Studio 15
VisualStudioVersion = 15.0.26730.16
MinimumVisualStudioVersion = 10.0.40219.1
Project("{FAE04EC0-301F-11D3-BF4B-00C04F79EFBC}") = "Good-News_Bot_UI", "Good-News_Bot_UI\Good-News_Bot_UI.csproj", "{9129AC4A-3F2B-480F-93A5-4A54EEF1EB75}"
EndProject
Global
	GlobalSection(SolutionConfigurationPlatforms) = preSolution
		Debug|Any CPU = Debug|Any CPU
		Release|Any CPU = Release|Any CPU
	EndGlobalSection
	GlobalSection(ProjectConfigurationPlatforms) = postSolution
		{9129AC4A-3F2B-480F-93A5-4A54EEF1EB75}.Debug|Any CPU.ActiveCfg = Debug|Any CPU
		{9129AC4A-3F2B-480F-93A5-4A54EEF1EB75}.Debug|Any CPU.Build.0 = Debug|Any CPU
		{9129AC4A-3F2B-480F-93A5-4A54EEF1EB75}.Release|Any CPU.ActiveCfg = Release|Any CPU
		{9129AC4A-3F2B-480F-93A5-4A54EEF1EB75}.Release|Any CPU.Build.0 = Release|Any CPU
	EndGlobalSection
	GlobalSection(SolutionProperties) = preSolution
		HideSolutionNode = FALSE
	EndGlobalSection
	GlobalSection(ExtensibilityGlobals) = postSolution
		SolutionGuid = {19033292-2D97-49FB-AFA2-8662301E533C}
	EndGlobalSection
EndGlobal
